# This file is generated by running "yarn install" inside your project.
# Manual changes might be lost - proceed with caution!

__metadata:
  version: 6
  cacheKey: 8

"frontend-code-test-mid-main@workspace:.":
  version: 0.0.0-use.local
  resolution: "frontend-code-test-mid-main@workspace:."
  dependencies:
    turbo: ^1.10.12
  languageName: unknown
  linkType: soft

"turbo-darwin-64@npm:1.10.12":
  version: 1.10.12
  resolution: "turbo-darwin-64@npm:1.10.12"
  conditions: os=darwin & cpu=x64
  languageName: node
  linkType: hard

"turbo-darwin-arm64@npm:1.10.12":
  version: 1.10.12
  resolution: "turbo-darwin-arm64@npm:1.10.12"
  conditions: os=darwin & cpu=arm64
  languageName: node
  linkType: hard

"turbo-linux-64@npm:1.10.12":
  version: 1.10.12
  resolution: "turbo-linux-64@npm:1.10.12"
  conditions: os=linux & cpu=x64
  languageName: node
  linkType: hard

"turbo-linux-arm64@npm:1.10.12":
  version: 1.10.12
  resolution: "turbo-linux-arm64@npm:1.10.12"
  conditions: os=linux & cpu=arm64
  languageName: node
  linkType: hard

"turbo-windows-64@npm:1.10.12":
  version: 1.10.12
  resolution: "turbo-windows-64@npm:1.10.12"
  conditions: os=win32 & cpu=x64
  languageName: node
  linkType: hard

"turbo-windows-arm64@npm:1.10.12":
  version: 1.10.12
  resolution: "turbo-windows-arm64@npm:1.10.12"
  conditions: os=win32 & cpu=arm64
  languageName: node
  linkType: hard

"turbo@npm:^1.10.12":
  version: 1.10.12
  resolution: "turbo@npm:1.10.12"
  dependencies:
    turbo-darwin-64: 1.10.12
    turbo-darwin-arm64: 1.10.12
    turbo-linux-64: 1.10.12
    turbo-linux-arm64: 1.10.12
    turbo-windows-64: 1.10.12
    turbo-windows-arm64: 1.10.12
  dependenciesMeta:
    turbo-darwin-64:
      optional: true
    turbo-darwin-arm64:
      optional: true
    turbo-linux-64:
      optional: true
    turbo-linux-arm64:
      optional: true
    turbo-windows-64:
      optional: true
    turbo-windows-arm64:
      optional: true
  bin:
    turbo: bin/turbo
  checksum: 266b70404e149b92cd64051fcdd03c56b474ed22f6bd11cf4cf1b70f55c72f9a2aaa90109b19b95e43d68e53a6be54485f0cc0135c8d5b505db09fd126a34052
  languageName: node
  linkType: hard
